
Microsoft Visual Studio Solution File, Format Version 12.00
# Visual Studio Version 16
VisualStudioVersion = 16.0.30517.126
MinimumVisualStudioVersion = 10.0.40219.1
Project("{9A19103F-16F7-4668-BE54-9A1E7A4F7556}") = "CSharpDataStructures", "CSharpDataStructures\CSharpDataStructures.csproj", "{71068CF2-7A58-4D23-A8D6-CC3F6DA9E048}"
EndProject
Project("{9A19103F-16F7-4668-BE54-9A1E7A4F7556}") = "LinkedList", "LinkedList\LinkedList.csproj", "{901F7329-C0CB-41DE-A3D1-139FCB69704A}"
EndProject
Project("{9A19103F-16F7-4668-BE54-9A1E7A4F7556}") = "GraphColoring", "GraphColoring\GraphColoring.csproj", "{288A01BD-545D-40D3-95C3-B3DCF6131849}"
EndProject
Project("{9A19103F-16F7-4668-BE54-9A1E7A4F7556}") = "Graphs", "Graphs\Graphs.csproj", "{0595B07C-838B-47B8-989C-8046D89E17CB}"
EndProject
Project("{9A19103F-16F7-4668-BE54-9A1E7A4F7556}") = "BFSDFS", "BFSDFS\BFSDFS.csproj", "{DC7F1A28-B8B4-47EB-A8CD-537534161958}"
EndProject
Project("{9A19103F-16F7-4668-BE54-9A1E7A4F7556}") = "StackAndQueue", "StackAndQueue\StackAndQueue.csproj", "{4D6FE591-F533-4BD5-80AF-8F831106FCDC}"
EndProject
Project("{9A19103F-16F7-4668-BE54-9A1E7A4F7556}") = "Tries", "Tries\Tries.csproj", "{629DABED-96F0-4D45-9B85-E4F531FBC2E0}"
EndProject
Project("{FAE04EC0-301F-11D3-BF4B-00C04F79EFBC}") = "BST", "BST\BST.csproj", "{1BA7F215-804F-411F-8433-3048A64B4847}"
EndProject
Global
	GlobalSection(SolutionConfigurationPlatforms) = preSolution
		Debug|Any CPU = Debug|Any CPU
		Release|Any CPU = Release|Any CPU
	EndGlobalSection
	GlobalSection(ProjectConfigurationPlatforms) = postSolution
		{71068CF2-7A58-4D23-A8D6-CC3F6DA9E048}.Debug|Any CPU.ActiveCfg = Debug|Any CPU
		{71068CF2-7A58-4D23-A8D6-CC3F6DA9E048}.Debug|Any CPU.Build.0 = Debug|Any CPU
		{71068CF2-7A58-4D23-A8D6-CC3F6DA9E048}.Release|Any CPU.ActiveCfg = Release|Any CPU
		{71068CF2-7A58-4D23-A8D6-CC3F6DA9E048}.Release|Any CPU.Build.0 = Release|Any CPU
		{901F7329-C0CB-41DE-A3D1-139FCB69704A}.Debug|Any CPU.ActiveCfg = Debug|Any CPU
		{901F7329-C0CB-41DE-A3D1-139FCB69704A}.Debug|Any CPU.Build.0 = Debug|Any CPU
		{901F7329-C0CB-41DE-A3D1-139FCB69704A}.Release|Any CPU.ActiveCfg = Release|Any CPU
		{901F7329-C0CB-41DE-A3D1-139FCB69704A}.Release|Any CPU.Build.0 = Release|Any CPU
		{288A01BD-545D-40D3-95C3-B3DCF6131849}.Debug|Any CPU.ActiveCfg = Debug|Any CPU
		{288A01BD-545D-40D3-95C3-B3DCF6131849}.Debug|Any CPU.Build.0 = Debug|Any CPU
		{288A01BD-545D-40D3-95C3-B3DCF6131849}.Release|Any CPU.ActiveCfg = Release|Any CPU
		{288A01BD-545D-40D3-95C3-B3DCF6131849}.Release|Any CPU.Build.0 = Release|Any CPU
		{0595B07C-838B-47B8-989C-8046D89E17CB}.Debug|Any CPU.ActiveCfg = Debug|Any CPU
		{0595B07C-838B-47B8-989C-8046D89E17CB}.Debug|Any CPU.Build.0 = Debug|Any CPU
		{0595B07C-838B-47B8-989C-8046D89E17CB}.Release|Any CPU.ActiveCfg = Release|Any CPU
		{0595B07C-838B-47B8-989C-8046D89E17CB}.Release|Any CPU.Build.0 = Release|Any CPU
		{DC7F1A28-B8B4-47EB-A8CD-537534161958}.Debug|Any CPU.ActiveCfg = Debug|Any CPU
		{DC7F1A28-B8B4-47EB-A8CD-537534161958}.Debug|Any CPU.Build.0 = Debug|Any CPU
		{DC7F1A28-B8B4-47EB-A8CD-537534161958}.Release|Any CPU.ActiveCfg = Release|Any CPU
		{DC7F1A28-B8B4-47EB-A8CD-537534161958}.Release|Any CPU.Build.0 = Release|Any CPU
		{4D6FE591-F533-4BD5-80AF-8F831106FCDC}.Debug|Any CPU.ActiveCfg = Debug|Any CPU
		{4D6FE591-F533-4BD5-80AF-8F831106FCDC}.Debug|Any CPU.Build.0 = Debug|Any CPU
		{4D6FE591-F533-4BD5-80AF-8F831106FCDC}.Release|Any CPU.ActiveCfg = Release|Any CPU
		{4D6FE591-F533-4BD5-80AF-8F831106FCDC}.Release|Any CPU.Build.0 = Release|Any CPU
		{629DABED-96F0-4D45-9B85-E4F531FBC2E0}.Debug|Any CPU.ActiveCfg = Debug|Any CPU
		{629DABED-96F0-4D45-9B85-E4F531FBC2E0}.Debug|Any CPU.Build.0 = Debug|Any CPU
		{629DABED-96F0-4D45-9B85-E4F531FBC2E0}.Release|Any CPU.ActiveCfg = Release|Any CPU
		{629DABED-96F0-4D45-9B85-E4F531FBC2E0}.Release|Any CPU.Build.0 = Release|Any CPU
		{1BA7F215-804F-411F-8433-3048A64B4847}.Debug|Any CPU.ActiveCfg = Debug|Any CPU
		{1BA7F215-804F-411F-8433-3048A64B4847}.Debug|Any CPU.Build.0 = Debug|Any CPU
		{1BA7F215-804F-411F-8433-3048A64B4847}.Release|Any CPU.ActiveCfg = Release|Any CPU
		{1BA7F215-804F-411F-8433-3048A64B4847}.Release|Any CPU.Build.0 = Release|Any CPU
	EndGlobalSection
	GlobalSection(SolutionProperties) = preSolution
		HideSolutionNode = FALSE
	EndGlobalSection
	GlobalSection(ExtensibilityGlobals) = postSolution
		SolutionGuid = {246DFF73-ECA0-420B-A6EC-51FF573182D7}
	EndGlobalSection
EndGlobal
